
Microsoft Visual Studio Solution File, Format Version 12.00
# Visual Studio 15
VisualStudioVersion = 15.0.28010.2019
MinimumVisualStudioVersion = 10.0.40219.1
Project("{FAE04EC0-301F-11D3-BF4B-00C04F79EFBC}") = "Activity01", "Activity01.csproj", "{7059F554-8ADB-455A-BCDC-2AEB47B3D308}"
EndProject
Global
	GlobalSection(SolutionConfigurationPlatforms) = preSolution
		Debug|Any CPU = Debug|Any CPU
		Release|Any CPU = Release|Any CPU
	EndGlobalSection
	GlobalSection(ProjectConfigurationPlatforms) = postSolution
		{7059F554-8ADB-455A-BCDC-2AEB47B3D308}.Debug|Any CPU.ActiveCfg = Debug|Any CPU
		{7059F554-8ADB-455A-BCDC-2AEB47B3D308}.Debug|Any CPU.Build.0 = Debug|Any CPU
		{7059F554-8ADB-455A-BCDC-2AEB47B3D308}.Release|Any CPU.ActiveCfg = Release|Any CPU
		{7059F554-8ADB-455A-BCDC-2AEB47B3D308}.Release|Any CPU.Build.0 = Release|Any CPU
	EndGlobalSection
	GlobalSection(SolutionProperties) = preSolution
		HideSolutionNode = FALSE
	EndGlobalSection
	GlobalSection(ExtensibilityGlobals) = postSolution
		SolutionGuid = {57CFD244-EA6D-4702-94EF-5C1B156C7C85}
	EndGlobalSection
EndGlobal
